// !$*UTF8*$!
{
	archiveVersion = 1;
	classes = {
	};
	objectVersion = 56;
	objects = {

/* Begin PBXBuildFile section */
		482AA4B129D4A72100FBC156 /* AppDelegate.swift in Sources */ = {isa = PBXBuildFile; fileRef = 482AA4B029D4A72100FBC156 /* AppDelegate.swift */; };
		482AA4B329D4A72100FBC156 /* SceneDelegate.swift in Sources */ = {isa = PBXBuildFile; fileRef = 482AA4B229D4A72100FBC156 /* SceneDelegate.swift */; };
		482AA4B529D4A72100FBC156 /* ViewController.swift in Sources */ = {isa = PBXBuildFile; fileRef = 482AA4B429D4A72100FBC156 /* ViewController.swift */; };
		482AA4B829D4A72100FBC156 /* Main.storyboard in Resources */ = {isa = PBXBuildFile; fileRef = 482AA4B629D4A72100FBC156 /* Main.storyboard */; };
		482AA4BA29D4A72100FBC156 /* Assets.xcassets in Resources */ = {isa = PBXBuildFile; fileRef = 482AA4B929D4A72100FBC156 /* Assets.xcassets */; };
		482AA4BD29D4A72100FBC156 /* LaunchScreen.storyboard in Resources */ = {isa = PBXBuildFile; fileRef = 482AA4BB29D4A72100FBC156 /* LaunchScreen.storyboard */; };
		482AA4C829D4A72100FBC156 /* ApplePieTests.swift in Sources */ = {isa = PBXBuildFile; fileRef = 482AA4C729D4A72100FBC156 /* ApplePieTests.swift */; };
		482AA4D229D4A72100FBC156 /* ApplePieUITests.swift in Sources */ = {isa = PBXBuildFile; fileRef = 482AA4D129D4A72100FBC156 /* ApplePieUITests.swift */; };
		482AA4D429D4A72100FBC156 /* ApplePieUITestsLaunchTests.swift in Sources */ = {isa = PBXBuildFile; fileRef = 482AA4D329D4A72100FBC156 /* ApplePieUITestsLaunchTests.swift */; };
		482AA4E129D4DBE000FBC156 /* Game.swift in Sources */ = {isa = PBXBuildFile; fileRef = 482AA4E029D4DBE000FBC156 /* Game.swift */; };
/* End PBXBuildFile section */

/* Begin PBXContainerItemProxy section */
		482AA4C429D4A72100FBC156 /* PBXContainerItemProxy */ = {
			isa = PBXContainerItemProxy;
			containerPortal = 482AA4A529D4A72100FBC156 /* Project object */;
			proxyType = 1;
			remoteGlobalIDString = 482AA4AC29D4A72100FBC156;
			remoteInfo = ApplePie;
		};
		482AA4CE29D4A72100FBC156 /* PBXContainerItemProxy */ = {
			isa = PBXContainerItemProxy;
			containerPortal = 482AA4A529D4A72100FBC156 /* Project object */;
			proxyType = 1;
			remoteGlobalIDString = 482AA4AC29D4A72100FBC156;
			remoteInfo = ApplePie;
		};
/* End PBXContainerItemProxy section */

/* Begin PBXFileReference section */
		482AA4AD29D4A72100FBC156 /* ApplePie.app */ = {isa = PBXFileReference; explicitFileType = wrapper.application; includeInIndex = 0; path = ApplePie.app; sourceTree = BUILT_PRODUCTS_DIR; };
		482AA4B029D4A72100FBC156 /* AppDelegate.swift */ = {isa = PBXFileReference; lastKnownFileType = sourcecode.swift; path = AppDelegate.swift; sourceTree = "<group>"; };
		482AA4B229D4A72100FBC156 /* SceneDelegate.swift */ = {isa = PBXFileReference; lastKnownFileType = sourcecode.swift; path = SceneDelegate.swift; sourceTree = "<group>"; };
		482AA4B429D4A72100FBC156 /* ViewController.swift */ = {isa = PBXFileReference; lastKnownFileType = sourcecode.swift; path = ViewController.swift; sourceTree = "<group>"; };
		482AA4B729D4A72100FBC156 /* Base */ = {isa = PBXFileReference; lastKnownFileType = file.storyboard; name = Base; path = Base.lproj/Main.storyboard; sourceTree = "<group>"; };
		482AA4B929D4A72100FBC156 /* Assets.xcassets */ = {isa = PBXFileReference; lastKnownFileType = folder.assetcatalog; path = Assets.xcassets; sourceTree = "<group>"; };
		482AA4BC29D4A72100FBC156 /* Base */ = {isa = PBXFileReference; lastKnownFileType = file.storyboard; name = Base; path = Base.lproj/LaunchScreen.storyboard; sourceTree = "<group>"; };
		482AA4BE29D4A72100FBC156 /* Info.plist */ = {isa = PBXFileReference; lastKnownFileType = text.plist.xml; path = Info.plist; sourceTree = "<group>"; };
		482AA4C329D4A72100FBC156 /* ApplePieTests.xctest */ = {isa = PBXFileReference; explicitFileType = wrapper.cfbundle; includeInIndex = 0; path = ApplePieTests.xctest; sourceTree = BUILT_PRODUCTS_DIR; };
		482AA4C729D4A72100FBC156 /* ApplePieTests.swift */ = {isa = PBXFileReference; lastKnownFileType = sourcecode.swift; path = ApplePieTests.swift; sourceTree = "<group>"; };
		482AA4CD29D4A72100FBC156 /* ApplePieUITests.xctest */ = {isa = PBXFileReference; explicitFileType = wrapper.cfbundle; includeInIndex = 0; path = ApplePieUITests.xctest; sourceTree = BUILT_PRODUCTS_DIR; };
		482AA4D129D4A72100FBC156 /* ApplePieUITests.swift */ = {isa = PBXFileReference; lastKnownFileType = sourcecode.swift; path = ApplePieUITests.swift; sourceTree = "<group>"; };
		482AA4D329D4A72100FBC156 /* ApplePieUITestsLaunchTests.swift */ = {isa = PBXFileReference; lastKnownFileType = sourcecode.swift; path = ApplePieUITestsLaunchTests.swift; sourceTree = "<group>"; };
		482AA4E029D4DBE000FBC156 /* Game.swift */ = {isa = PBXFileReference; lastKnownFileType = sourcecode.swift; path = Game.swift; sourceTree = "<group>"; };
/* End PBXFileReference section */

/* Begin PBXFrameworksBuildPhase section */
		482AA4AA29D4A72100FBC156 /* Frameworks */ = {
			isa = PBXFrameworksBuildPhase;
			buildActionMask = 2147483647;
			files = (
			);
			runOnlyForDeploymentPostprocessing = 0;
		};
		482AA4C029D4A72100FBC156 /* Frameworks */ = {
			isa = PBXFrameworksBuildPhase;
			buildActionMask = 2147483647;
			files = (
			);
			runOnlyForDeploymentPostprocessing = 0;
		};
		482AA4CA29D4A72100FBC156 /* Frameworks */ = {
			isa = PBXFrameworksBuildPhase;
			buildActionMask = 2147483647;
			files = (
			);
			runOnlyForDeploymentPostprocessing = 0;
		};
/* End PBXFrameworksBuildPhase section */

/* Begin PBXGroup section */
		482AA4A429D4A72100FBC156 = {
			isa = PBXGroup;
			children = (
				482AA4E029D4DBE000FBC156 /* Game.swift */,
				482AA4AF29D4A72100FBC156 /* ApplePie */,
				482AA4C629D4A72100FBC156 /* ApplePieTests */,
				482AA4D029D4A72100FBC156 /* ApplePieUITests */,
				482AA4AE29D4A72100FBC156 /* Products */,
			);
			sourceTree = "<group>";
		};
		482AA4AE29D4A72100FBC156 /* Products */ = {
			isa = PBXGroup;
			children = (
				482AA4AD29D4A72100FBC156 /* ApplePie.app */,
				482AA4C329D4A72100FBC156 /* ApplePieTests.xctest */,
				482AA4CD29D4A72100FBC156 /* ApplePieUITests.xctest */,
			);
			name = Products;
			sourceTree = "<group>";
		};
		482AA4AF29D4A72100FBC156 /* ApplePie */ = {
			isa = PBXGroup;
			children = (
				482AA4B029D4A72100FBC156 /* AppDelegate.swift */,
				482AA4B229D4A72100FBC156 /* SceneDelegate.swift */,
				482AA4B429D4A72100FBC156 /* ViewController.swift */,
				482AA4B629D4A72100FBC156 /* Main.storyboard */,
				482AA4B929D4A72100FBC156 /* Assets.xcassets */,
				482AA4BB29D4A72100FBC156 /* LaunchScreen.storyboard */,
				482AA4BE29D4A72100FBC156 /* Info.plist */,
			);
			path = ApplePie;
			sourceTree = "<group>";
		};
		482AA4C629D4A72100FBC156 /* ApplePieTests */ = {
			isa = PBXGroup;
			children = (
				482AA4C729D4A72100FBC156 /* ApplePieTests.swift */,
			);
			path = ApplePieTests;
			sourceTree = "<group>";
		};
		482AA4D029D4A72100FBC156 /* ApplePieUITests */ = {
			isa = PBXGroup;
			children = (
				482AA4D129D4A72100FBC156 /* ApplePieUITests.swift */,
				482AA4D329D4A72100FBC156 /* ApplePieUITestsLaunchTests.swift */,
			);
			path = ApplePieUITests;
			sourceTree = "<group>";
		};
/* End PBXGroup section */

/* Begin PBXNativeTarget section */
		482AA4AC29D4A72100FBC156 /* ApplePie */ = {
			isa = PBXNativeTarget;
			buildConfigurationList = 482AA4D729D4A72100FBC156 /* Build configuration list for PBXNativeTarget "ApplePie" */;
			buildPhases = (
				482AA4A929D4A72100FBC156 /* Sources */,
				482AA4AA29D4A72100FBC156 /* Frameworks */,
				482AA4AB29D4A72100FBC156 /* Resources */,
			);
			buildRules = (
			);
			dependencies = (
			);
			name = ApplePie;
			productName = ApplePie;
			productReference = 482AA4AD29D4A72100FBC156 /* ApplePie.app */;
			productType = "com.apple.product-type.application";
		};
		482AA4C229D4A72100FBC156 /* ApplePieTests */ = {
			isa = PBXNativeTarget;
			buildConfigurationList = 482AA4DA29D4A72100FBC156 /* Build configuration list for PBXNativeTarget "ApplePieTests" */;
			buildPhases = (
				482AA4BF29D4A72100FBC156 /* Sources */,
				482AA4C029D4A72100FBC156 /* Frameworks */,
				482AA4C129D4A72100FBC156 /* Resources */,
			);
			buildRules = (
			);
			dependencies = (
				482AA4C529D4A72100FBC156 /* PBXTargetDependency */,
			);
			name = ApplePieTests;
			productName = ApplePieTests;
			productReference = 482AA4C329D4A72100FBC156 /* ApplePieTests.xctest */;
			productType = "com.apple.product-type.bundle.unit-test";
		};
		482AA4CC29D4A72100FBC156 /* ApplePieUITests */ = {
			isa = PBXNativeTarget;
			buildConfigurationList = 482AA4DD29D4A72100FBC156 /* Build configuration list for PBXNativeTarget "ApplePieUITests" */;
			buildPhases = (
				482AA4C929D4A72100FBC156 /* Sources */,
				482AA4CA29D4A72100FBC156 /* Frameworks */,
				482AA4CB29D4A72100FBC156 /* Resources */,
			);
			buildRules = (
			);
			dependencies = (
				482AA4CF29D4A72100FBC156 /* PBXTargetDependency */,
			);
			name = ApplePieUITests;
			productName = ApplePieUITests;
			productReference = 482AA4CD29D4A72100FBC156 /* ApplePieUITests.xctest */;
			productType = "com.apple.product-type.bundle.ui-testing";
		};
/* End PBXNativeTarget section */

/* Begin PBXProject section */
		482AA4A529D4A72100FBC156 /* Project object */ = {
			isa = PBXProject;
			attributes = {
				BuildIndependentTargetsInParallel = 1;
				LastSwiftUpdateCheck = 1420;
				LastUpgradeCheck = 1420;
				TargetAttributes = {
					482AA4AC29D4A72100FBC156 = {
						CreatedOnToolsVersion = 14.2;
					};
					482AA4C229D4A72100FBC156 = {
						CreatedOnToolsVersion = 14.2;
						TestTargetID = 482AA4AC29D4A72100FBC156;
					};
					482AA4CC29D4A72100FBC156 = {
						CreatedOnToolsVersion = 14.2;
						TestTargetID = 482AA4AC29D4A72100FBC156;
					};
				};
			};
			buildConfigurationList = 482AA4A829D4A72100FBC156 /* Build configuration list for PBXProject "ApplePie" */;
			compatibilityVersion = "Xcode 14.0";
			developmentRegion = en;
			hasScannedForEncodings = 0;
			knownRegions = (
				en,
				Base,
			);
			mainGroup = 482AA4A429D4A72100FBC156;
			productRefGroup = 482AA4AE29D4A72100FBC156 /* Products */;
			projectDirPath = "";
			projectRoot = "";
			targets = (
				482AA4AC29D4A72100FBC156 /* ApplePie */,
				482AA4C229D4A72100FBC156 /* ApplePieTests */,
				482AA4CC29D4A72100FBC156 /* ApplePieUITests */,
			);
		};
/* End PBXProject section */

/* Begin PBXResourcesBuildPhase section */
		482AA4AB29D4A72100FBC156 /* Resources */ = {
			isa = PBXResourcesBuildPhase;
			buildActionMask = 2147483647;
			files = (
				482AA4BD29D4A72100FBC156 /* LaunchScreen.storyboard in Resources */,
				482AA4BA29D4A72100FBC156 /* Assets.xcassets in Resources */,
				482AA4B829D4A72100FBC156 /* Main.storyboard in Resources */,
			);
			runOnlyForDeploymentPostprocessing = 0;
		};
		482AA4C129D4A72100FBC156 /* Resources */ = {
			isa = PBXResourcesBuildPhase;
			buildActionMask = 2147483647;
			files = (
			);
			runOnlyForDeploymentPostprocessing = 0;
		};
		482AA4CB29D4A72100FBC156 /* Resources */ = {
			isa = PBXResourcesBuildPhase;
			buildActionMask = 2147483647;
			files = (
			);
			runOnlyForDeploymentPostprocessing = 0;
		};
/* End PBXResourcesBuildPhase section */

/* Begin PBXSourcesBuildPhase section */
		482AA4A929D4A72100FBC156 /* Sources */ = {
			isa = PBXSourcesBuildPhase;
			buildActionMask = 2147483647;
			files = (
				482AA4B529D4A72100FBC156 /* ViewController.swift in Sources */,
				482AA4B129D4A72100FBC156 /* AppDelegate.swift in Sources */,
				482AA4B329D4A72100FBC156 /* SceneDelegate.swift in Sources */,
				482AA4E129D4DBE000FBC156 /* Game.swift in Sources */,
			);
			runOnlyForDeploymentPostprocessing = 0;
		};
		482AA4BF29D4A72100FBC156 /* Sources */ = {
			isa = PBXSourcesBuildPhase;
			buildActionMask = 2147483647;
			files = (
				482AA4C829D4A72100FBC156 /* ApplePieTests.swift in Sources */,
			);
			runOnlyForDeploymentPostprocessing = 0;
		};
		482AA4C929D4A72100FBC156 /* Sources */ = {
			isa = PBXSourcesBuildPhase;
			buildActionMask = 2147483647;
			files = (
				482AA4D429D4A72100FBC156 /* ApplePieUITestsLaunchTests.swift in Sources */,
				482AA4D229D4A72100FBC156 /* ApplePieUITests.swift in Sources */,
			);
			runOnlyForDeploymentPostprocessing = 0;
		};
/* End PBXSourcesBuildPhase section */

/* Begin PBXTargetDependency section */
		482AA4C529D4A72100FBC156 /* PBXTargetDependency */ = {
			isa = PBXTargetDependency;
			target = 482AA4AC29D4A72100FBC156 /* ApplePie */;
			targetProxy = 482AA4C429D4A72100FBC156 /* PBXContainerItemProxy */;
		};
		482AA4CF29D4A72100FBC156 /* PBXTargetDependency */ = {
			isa = PBXTargetDependency;
			target = 482AA4AC29D4A72100FBC156 /* ApplePie */;
			targetProxy = 482AA4CE29D4A72100FBC156 /* PBXContainerItemProxy */;
		};
/* End PBXTargetDependency section */

/* Begin PBXVariantGroup section */
		482AA4B629D4A72100FBC156 /* Main.storyboard */ = {
			isa = PBXVariantGroup;
			children = (
				482AA4B729D4A72100FBC156 /* Base */,
			);
			name = Main.storyboard;
			sourceTree = "<group>";
		};
		482AA4BB29D4A72100FBC156 /* LaunchScreen.storyboard */ = {
			isa = PBXVariantGroup;
			children = (
				482AA4BC29D4A72100FBC156 /* Base */,
			);
			name = LaunchScreen.storyboard;
			sourceTree = "<group>";
		};
/* End PBXVariantGroup section */

/* Begin XCBuildConfiguration section */
		482AA4D529D4A72100FBC156 /* Debug */ = {
			isa = XCBuildConfiguration;
			buildSettings = {
				ALWAYS_SEARCH_USER_PATHS = NO;
				CLANG_ANALYZER_NONNULL = YES;
				CLANG_ANALYZER_NUMBER_OBJECT_CONVERSION = YES_AGGRESSIVE;
				CLANG_CXX_LANGUAGE_STANDARD = "gnu++20";
				CLANG_ENABLE_MODULES = YES;
				CLANG_ENABLE_OBJC_ARC = YES;
				CLANG_ENABLE_OBJC_WEAK = YES;
				CLANG_WARN_BLOCK_CAPTURE_AUTORELEASING = YES;
				CLANG_WARN_BOOL_CONVERSION = YES;
				CLANG_WARN_COMMA = YES;
				CLANG_WARN_CONSTANT_CONVERSION = YES;
				CLANG_WARN_DEPRECATED_OBJC_IMPLEMENTATIONS = YES;
				CLANG_WARN_DIRECT_OBJC_ISA_USAGE = YES_ERROR;
				CLANG_WARN_DOCUMENTATION_COMMENTS = YES;
				CLANG_WARN_EMPTY_BODY = YES;
				CLANG_WARN_ENUM_CONVERSION = YES;
				CLANG_WARN_INFINITE_RECURSION = YES;
				CLANG_WARN_INT_CONVERSION = YES;
				CLANG_WARN_NON_LITERAL_NULL_CONVERSION = YES;
				CLANG_WARN_OBJC_IMPLICIT_RETAIN_SELF = YES;
				CLANG_WARN_OBJC_LITERAL_CONVERSION = YES;
				CLANG_WARN_OBJC_ROOT_CLASS = YES_ERROR;
				CLANG_WARN_QUOTED_INCLUDE_IN_FRAMEWORK_HEADER = YES;
				CLANG_WARN_RANGE_LOOP_ANALYSIS = YES;
				CLANG_WARN_STRICT_PROTOTYPES = YES;
				CLANG_WARN_SUSPICIOUS_MOVE = YES;
				CLANG_WARN_UNGUARDED_AVAILABILITY = YES_AGGRESSIVE;
				CLANG_WARN_UNREACHABLE_CODE = YES;
				CLANG_WARN__DUPLICATE_METHOD_MATCH = YES;
				COPY_PHASE_STRIP = NO;
				DEBUG_INFORMATION_FORMAT = dwarf;
				ENABLE_STRICT_OBJC_MSGSEND = YES;
				ENABLE_TESTABILITY = YES;
				GCC_C_LANGUAGE_STANDARD = gnu11;
				GCC_DYNAMIC_NO_PIC = NO;
				GCC_NO_COMMON_BLOCKS = YES;
				GCC_OPTIMIZATION_LEVEL = 0;
				GCC_PREPROCESSOR_DEFINITIONS = (
					"DEBUG=1",
					"$(inherited)",
				);
				GCC_WARN_64_TO_32_BIT_CONVERSION = YES;
				GCC_WARN_ABOUT_RETURN_TYPE = YES_ERROR;
				GCC_WARN_UNDECLARED_SELECTOR = YES;
				GCC_WARN_UNINITIALIZED_AUTOS = YES_AGGRESSIVE;
				GCC_WARN_UNUSED_FUNCTION = YES;
				GCC_WARN_UNUSED_VARIABLE = YES;
				IPHONEOS_DEPLOYMENT_TARGET = 16.2;
				MTL_ENABLE_DEBUG_INFO = INCLUDE_SOURCE;
				MTL_FAST_MATH = YES;
				ONLY_ACTIVE_ARCH = YES;
				SDKROOT = iphoneos;
				SWIFT_ACTIVE_COMPILATION_CONDITIONS = DEBUG;
				SWIFT_OPTIMIZATION_LEVEL = "-Onone";
			};
			name = Debug;
		};
		482AA4D629D4A72100FBC156 /* Release */ = {
			isa = XCBuildConfiguration;
			buildSettings = {
				ALWAYS_SEARCH_USER_PATHS = NO;
				CLANG_ANALYZER_NONNULL = YES;
				CLANG_ANALYZER_NUMBER_OBJECT_CONVERSION = YES_AGGRESSIVE;
				CLANG_CXX_LANGUAGE_STANDARD = "gnu++20";
				CLANG_ENABLE_MODULES = YES;
				CLANG_ENABLE_OBJC_ARC = YES;
				CLANG_ENABLE_OBJC_WEAK = YES;
				CLANG_WARN_BLOCK_CAPTURE_AUTORELEASING = YES;
				CLANG_WARN_BOOL_CONVERSION = YES;
				CLANG_WARN_COMMA = YES;
				CLANG_WARN_CONSTANT_CONVERSION = YES;
				CLANG_WARN_DEPRECATED_OBJC_IMPLEMENTATIONS = YES;
				CLANG_WARN_DIRECT_OBJC_ISA_USAGE = YES_ERROR;
				CLANG_WARN_DOCUMENTATION_COMMENTS = YES;
				CLANG_WARN_EMPTY_BODY = YES;
				CLANG_WARN_ENUM_CONVERSION = YES;
				CLANG_WARN_INFINITE_RECURSION = YES;
				CLANG_WARN_INT_CONVERSION = YES;
				CLANG_WARN_NON_LITERAL_NULL_CONVERSION = YES;
				CLANG_WARN_OBJC_IMPLICIT_RETAIN_SELF = YES;
				CLANG_WARN_OBJC_LITERAL_CONVERSION = YES;
				CLANG_WARN_OBJC_ROOT_CLASS = YES_ERROR;
				CLANG_WARN_QUOTED_INCLUDE_IN_FRAMEWORK_HEADER = YES;
				CLANG_WARN_RANGE_LOOP_ANALYSIS = YES;
				CLANG_WARN_STRICT_PROTOTYPES = YES;
				CLANG_WARN_SUSPICIOUS_MOVE = YES;
				CLANG_WARN_UNGUARDED_AVAILABILITY = YES_AGGRESSIVE;
				CLANG_WARN_UNREACHABLE_CODE = YES;
				CLANG_WARN__DUPLICATE_METHOD_MATCH = YES;
				COPY_PHASE_STRIP = NO;
				DEBUG_INFORMATION_FORMAT = "dwarf-with-dsym";
				ENABLE_NS_ASSERTIONS = NO;
				ENABLE_STRICT_OBJC_MSGSEND = YES;
				GCC_C_LANGUAGE_STANDARD = gnu11;
				GCC_NO_COMMON_BLOCKS = YES;
				GCC_WARN_64_TO_32_BIT_CONVERSION = YES;
				GCC_WARN_ABOUT_RETURN_TYPE = YES_ERROR;
				GCC_WARN_UNDECLARED_SELECTOR = YES;
				GCC_WARN_UNINITIALIZED_AUTOS = YES_AGGRESSIVE;
				GCC_WARN_UNUSED_FUNCTION = YES;
				GCC_WARN_UNUSED_VARIABLE = YES;
				IPHONEOS_DEPLOYMENT_TARGET = 16.2;
				MTL_ENABLE_DEBUG_INFO = NO;
				MTL_FAST_MATH = YES;
				SDKROOT = iphoneos;
				SWIFT_COMPILATION_MODE = wholemodule;
				SWIFT_OPTIMIZATION_LEVEL = "-O";
				VALIDATE_PRODUCT = YES;
			};
			name = Release;
		};
		482AA4D829D4A72100FBC156 /* Debug */ = {
			isa = XCBuildConfiguration;
			buildSettings = {
				ASSETCATALOG_COMPILER_APPICON_NAME = AppIcon;
				ASSETCATALOG_COMPILER_GLOBAL_ACCENT_COLOR_NAME = AccentColor;
				CODE_SIGN_STYLE = Automatic;
				CURRENT_PROJECT_VERSION = 1;
				GENERATE_INFOPLIST_FILE = YES;
				INFOPLIST_FILE = ApplePie/Info.plist;
				INFOPLIST_KEY_UIApplicationSupportsIndirectInputEvents = YES;
				INFOPLIST_KEY_UILaunchStoryboardName = LaunchScreen;
				INFOPLIST_KEY_UIMainStoryboardFile = Main;
				INFOPLIST_KEY_UISupportedInterfaceOrientations_iPad = "UIInterfaceOrientationPortrait UIInterfaceOrientationPortraitUpsideDown UIInterfaceOrientationLandscapeLeft UIInterfaceOrientationLandscapeRight";
				INFOPLIST_KEY_UISupportedInterfaceOrientations_iPhone = "UIInterfaceOrientationPortrait UIInterfaceOrientationLandscapeLeft UIInterfaceOrientationLandscapeRight";
				LD_RUNPATH_SEARCH_PATHS = (
					"$(inherited)",
					"@executable_path/Frameworks",
				);
				MARKETING_VERSION = 1.0;
				PRODUCT_BUNDLE_IDENTIFIER = KoleReiser.ApplePie;
				PRODUCT_NAME = "$(TARGET_NAME)";
				SWIFT_EMIT_LOC_STRINGS = YES;
				SWIFT_VERSION = 5.0;
				TARGETED_DEVICE_FAMILY = "1,2";
			};
			name = Debug;
		};
		482AA4D929D4A72100FBC156 /* Release */ = {
			isa = XCBuildConfiguration;
			buildSettings = {
				ASSETCATALOG_COMPILER_APPICON_NAME = AppIcon;
				ASSETCATALOG_COMPILER_GLOBAL_ACCENT_COLOR_NAME = AccentColor;
				CODE_SIGN_STYLE = Automatic;
				CURRENT_PROJECT_VERSION = 1;
				GENERATE_INFOPLIST_FILE = YES;
				INFOPLIST_FILE = ApplePie/Info.plist;
				INFOPLIST_KEY_UIApplicationSupportsIndirectInputEvents = YES;
				INFOPLIST_KEY_UILaunchStoryboardName = LaunchScreen;
				INFOPLIST_KEY_UIMainStoryboardFile = Main;
				INFOPLIST_KEY_UISupportedInterfaceOrientations_iPad = "UIInterfaceOrientationPortrait UIInterfaceOrientationPortraitUpsideDown UIInterfaceOrientationLandscapeLeft UIInterfaceOrientationLandscapeRight";
				INFOPLIST_KEY_UISupportedInterfaceOrientations_iPhone = "UIInterfaceOrientationPortrait UIInterfaceOrientationLandscapeLeft UIInterfaceOrientationLandscapeRight";
				LD_RUNPATH_SEARCH_PATHS = (
					"$(inherited)",
					"@executable_path/Frameworks",
				);
				MARKETING_VERSION = 1.0;
				PRODUCT_BUNDLE_IDENTIFIER = KoleReiser.ApplePie;
				PRODUCT_NAME = "$(TARGET_NAME)";
				SWIFT_EMIT_LOC_STRINGS = YES;
				SWIFT_VERSION = 5.0;
				TARGETED_DEVICE_FAMILY = "1,2";
			};
			name = Release;
		};
		482AA4DB29D4A72100FBC156 /* Debug */ = {
			isa = XCBuildConfiguration;
			buildSettings = {
				ALWAYS_EMBED_SWIFT_STANDARD_LIBRARIES = YES;
				BUNDLE_LOADER = "$(TEST_HOST)";
				CODE_SIGN_STYLE = Automatic;
				CURRENT_PROJECT_VERSION = 1;
				GENERATE_INFOPLIST_FILE = YES;
				IPHONEOS_DEPLOYMENT_TARGET = 16.2;
				MARKETING_VERSION = 1.0;
				PRODUCT_BUNDLE_IDENTIFIER = KoleReiser.ApplePieTests;
				PRODUCT_NAME = "$(TARGET_NAME)";
				SWIFT_EMIT_LOC_STRINGS = NO;
				SWIFT_VERSION = 5.0;
				TARGETED_DEVICE_FAMILY = "1,2";
				TEST_HOST = "$(BUILT_PRODUCTS_DIR)/ApplePie.app/$(BUNDLE_EXECUTABLE_FOLDER_PATH)/ApplePie";
			};
			name = Debug;
		};
		482AA4DC29D4A72100FBC156 /* Release */ = {
			isa = XCBuildConfiguration;
			buildSettings = {
				ALWAYS_EMBED_SWIFT_STANDARD_LIBRARIES = YES;
				BUNDLE_LOADER = "$(TEST_HOST)";
				CODE_SIGN_STYLE = Automatic;
				CURRENT_PROJECT_VERSION = 1;
				GENERATE_INFOPLIST_FILE = YES;
				IPHONEOS_DEPLOYMENT_TARGET = 16.2;
				MARKETING_VERSION = 1.0;
				PRODUCT_BUNDLE_IDENTIFIER = KoleReiser.ApplePieTests;
				PRODUCT_NAME = "$(TARGET_NAME)";
				SWIFT_EMIT_LOC_STRINGS = NO;
				SWIFT_VERSION = 5.0;
				TARGETED_DEVICE_FAMILY = "1,2";
				TEST_HOST = "$(BUILT_PRODUCTS_DIR)/ApplePie.app/$(BUNDLE_EXECUTABLE_FOLDER_PATH)/ApplePie";
			};
			name = Release;
		};
		482AA4DE29D4A72100FBC156 /* Debug */ = {
			isa = XCBuildConfiguration;
			buildSettings = {
				ALWAYS_EMBED_SWIFT_STANDARD_LIBRARIES = YES;
				CODE_SIGN_STYLE = Automatic;
				CURRENT_PROJECT_VERSION = 1;
				GENERATE_INFOPLIST_FILE = YES;
				MARKETING_VERSION = 1.0;
				PRODUCT_BUNDLE_IDENTIFIER = KoleReiser.ApplePieUITests;
				PRODUCT_NAME = "$(TARGET_NAME)";
				SWIFT_EMIT_LOC_STRINGS = NO;
				SWIFT_VERSION = 5.0;
				TARGETED_DEVICE_FAMILY = "1,2";
				TEST_TARGET_NAME = ApplePie;
			};
			name = Debug;
		};
		482AA4DF29D4A72100FBC156 /* Release */ = {
			isa = XCBuildConfiguration;
			buildSettings = {
				ALWAYS_EMBED_SWIFT_STANDARD_LIBRARIES = YES;
				CODE_SIGN_STYLE = Automatic;
				CURRENT_PROJECT_VERSION = 1;
				GENERATE_INFOPLIST_FILE = YES;
				MARKETING_VERSION = 1.0;
				PRODUCT_BUNDLE_IDENTIFIER = KoleReiser.ApplePieUITests;
				PRODUCT_NAME = "$(TARGET_NAME)";
				SWIFT_EMIT_LOC_STRINGS = NO;
				SWIFT_VERSION = 5.0;
				TARGETED_DEVICE_FAMILY = "1,2";
				TEST_TARGET_NAME = ApplePie;
			};
			name = Release;
		};
/* End XCBuildConfiguration section */

/* Begin XCConfigurationList section */
		482AA4A829D4A72100FBC156 /* Build configuration list for PBXProject "ApplePie" */ = {
			isa = XCConfigurationList;
			buildConfigurations = (
				482AA4D529D4A72100FBC156 /* Debug */,
				482AA4D629D4A72100FBC156 /* Release */,
			);
			defaultConfigurationIsVisible = 0;
			defaultConfigurationName = Release;
		};
		482AA4D729D4A72100FBC156 /* Build configuration list for PBXNativeTarget "ApplePie" */ = {
			isa = XCConfigurationList;
			buildConfigurations = (
				482AA4D829D4A72100FBC156 /* Debug */,
				482AA4D929D4A72100FBC156 /* Release */,
			);
			defaultConfigurationIsVisible = 0;
			defaultConfigurationName = Release;
		};
		482AA4DA29D4A72100FBC156 /* Build configuration list for PBXNativeTarget "ApplePieTests" */ = {
			isa = XCConfigurationList;
			buildConfigurations = (
				482AA4DB29D4A72100FBC156 /* Debug */,
				482AA4DC29D4A72100FBC156 /* Release */,
			);
			defaultConfigurationIsVisible = 0;
			defaultConfigurationName = Release;
		};
		482AA4DD29D4A72100FBC156 /* Build configuration list for PBXNativeTarget "ApplePieUITests" */ = {
			isa = XCConfigurationList;
			buildConfigurations = (
				482AA4DE29D4A72100FBC156 /* Debug */,
				482AA4DF29D4A72100FBC156 /* Release */,
			);
			defaultConfigurationIsVisible = 0;
			defaultConfigurationName = Release;
		};
/* End XCConfigurationList section */
	};
	rootObject = 482AA4A529D4A72100FBC156 /* Project object */;
}
